
Microsoft Visual Studio Solution File, Format Version 12.00
# Visual Studio Version 16
VisualStudioVersion = 16.0.31515.178
MinimumVisualStudioVersion = 10.0.40219.1
Project("{FAE04EC0-301F-11D3-BF4B-00C04F79EFBC}") = "NetCoreAjax", "NetCoreAjax\NetCoreAjax.csproj", "{B5BB94E1-47BD-4DC2-B37B-39439BDA5C38}"
EndProject
Global
	GlobalSection(SolutionConfigurationPlatforms) = preSolution
		Debug|Any CPU = Debug|Any CPU
		Release|Any CPU = Release|Any CPU
	EndGlobalSection
	GlobalSection(ProjectConfigurationPlatforms) = postSolution
		{B5BB94E1-47BD-4DC2-B37B-39439BDA5C38}.Debug|Any CPU.ActiveCfg = Debug|Any CPU
		{B5BB94E1-47BD-4DC2-B37B-39439BDA5C38}.Debug|Any CPU.Build.0 = Debug|Any CPU
		{B5BB94E1-47BD-4DC2-B37B-39439BDA5C38}.Release|Any CPU.ActiveCfg = Release|Any CPU
		{B5BB94E1-47BD-4DC2-B37B-39439BDA5C38}.Release|Any CPU.Build.0 = Release|Any CPU
	EndGlobalSection
	GlobalSection(SolutionProperties) = preSolution
		HideSolutionNode = FALSE
	EndGlobalSection
	GlobalSection(ExtensibilityGlobals) = postSolution
		SolutionGuid = {78B9330E-1BF0-4C7E-B8B7-823B4358B57D}
	EndGlobalSection
EndGlobal
